// !$*UTF8*$!
{
	archiveVersion = 1;
	classes = {
	};
	objectVersion = 50;
	objects = {

/* Begin PBXBuildFile section */
		FA4D9FD226B5C7C800E0BBB0 /* ProgrammingLanguage.swift in Sources */ = {isa = PBXBuildFile; fileRef = FA4D9FD126B5C7C800E0BBB0 /* ProgrammingLanguage.swift */; };
		FA4D9FD426B5C88A00E0BBB0 /* TopicView.swift in Sources */ = {isa = PBXBuildFile; fileRef = FA4D9FD326B5C88A00E0BBB0 /* TopicView.swift */; };
		FA4D9FD826B5CC0F00E0BBB0 /* Model.swift in Sources */ = {isa = PBXBuildFile; fileRef = FA4D9FD726B5CC0F00E0BBB0 /* Model.swift */; };
		FA4D9FDA26B5FB3C00E0BBB0 /* TopicItem.swift in Sources */ = {isa = PBXBuildFile; fileRef = FA4D9FD926B5FB3C00E0BBB0 /* TopicItem.swift */; };
		FA5911E42784B4B9006FA9C8 /* DataTypesItem.swift in Sources */ = {isa = PBXBuildFile; fileRef = FA5911E32784B4B9006FA9C8 /* DataTypesItem.swift */; };
		FA5911E82785E96B006FA9C8 /* Topic.swift in Sources */ = {isa = PBXBuildFile; fileRef = FA5911E72785E96B006FA9C8 /* Topic.swift */; };
		FA5911ED2785EB4C006FA9C8 /* IntegerTopic.swift in Sources */ = {isa = PBXBuildFile; fileRef = FA5911EC2785EB4C006FA9C8 /* IntegerTopic.swift */; };
		FA5911F12785F181006FA9C8 /* DecimalTopic.swift in Sources */ = {isa = PBXBuildFile; fileRef = FA5911F02785F181006FA9C8 /* DecimalTopic.swift */; };
		FA5911F32785F1CD006FA9C8 /* StringTopic.swift in Sources */ = {isa = PBXBuildFile; fileRef = FA5911F22785F1CD006FA9C8 /* StringTopic.swift */; };
		FA5911F52785F1E2006FA9C8 /* BoolTopic.swift in Sources */ = {isa = PBXBuildFile; fileRef = FA5911F42785F1E2006FA9C8 /* BoolTopic.swift */; };
		FA5911F72785F201006FA9C8 /* DateTopic.swift in Sources */ = {isa = PBXBuildFile; fileRef = FA5911F62785F201006FA9C8 /* DateTopic.swift */; };
		FA5911F92785F232006FA9C8 /* ValueReferenceTopic.swift in Sources */ = {isa = PBXBuildFile; fileRef = FA5911F82785F232006FA9C8 /* ValueReferenceTopic.swift */; };
		FA5911FD2785F946006FA9C8 /* ConditionalsItem.swift in Sources */ = {isa = PBXBuildFile; fileRef = FA5911FC2785F946006FA9C8 /* ConditionalsItem.swift */; };
		FA5911FF2785F9AA006FA9C8 /* IfTopic.swift in Sources */ = {isa = PBXBuildFile; fileRef = FA5911FE2785F9AA006FA9C8 /* IfTopic.swift */; };
		FA5912012785F9C0006FA9C8 /* CaseTopic.swift in Sources */ = {isa = PBXBuildFile; fileRef = FA5912002785F9C0006FA9C8 /* CaseTopic.swift */; };
		FA62AD9A269C5ED800870248 /* CheatSheetBastardApp.swift in Sources */ = {isa = PBXBuildFile; fileRef = FA62AD99269C5ED800870248 /* CheatSheetBastardApp.swift */; };
		FA62AD9C269C5ED800870248 /* ContentView.swift in Sources */ = {isa = PBXBuildFile; fileRef = FA62AD9B269C5ED800870248 /* ContentView.swift */; };
		FA62AD9E269C5EDA00870248 /* Assets.xcassets in Resources */ = {isa = PBXBuildFile; fileRef = FA62AD9D269C5EDA00870248 /* Assets.xcassets */; };
		FA62ADA1269C5EDA00870248 /* Preview Assets.xcassets in Resources */ = {isa = PBXBuildFile; fileRef = FA62ADA0269C5EDA00870248 /* Preview Assets.xcassets */; };
		FA62ADA9269C5F5600870248 /* StartView.swift in Sources */ = {isa = PBXBuildFile; fileRef = FA62ADA8269C5F5600870248 /* StartView.swift */; };
/* End PBXBuildFile section */

/* Begin PBXFileReference section */
		FA4D9FD126B5C7C800E0BBB0 /* ProgrammingLanguage.swift */ = {isa = PBXFileReference; lastKnownFileType = sourcecode.swift; path = ProgrammingLanguage.swift; sourceTree = "<group>"; };
		FA4D9FD326B5C88A00E0BBB0 /* TopicView.swift */ = {isa = PBXFileReference; lastKnownFileType = sourcecode.swift; path = TopicView.swift; sourceTree = "<group>"; };
		FA4D9FD726B5CC0F00E0BBB0 /* Model.swift */ = {isa = PBXFileReference; lastKnownFileType = sourcecode.swift; path = Model.swift; sourceTree = "<group>"; };
		FA4D9FD926B5FB3C00E0BBB0 /* TopicItem.swift */ = {isa = PBXFileReference; lastKnownFileType = sourcecode.swift; path = TopicItem.swift; sourceTree = "<group>"; };
		FA5911E32784B4B9006FA9C8 /* DataTypesItem.swift */ = {isa = PBXFileReference; lastKnownFileType = sourcecode.swift; path = DataTypesItem.swift; sourceTree = "<group>"; };
		FA5911E72785E96B006FA9C8 /* Topic.swift */ = {isa = PBXFileReference; lastKnownFileType = sourcecode.swift; path = Topic.swift; sourceTree = "<group>"; };
		FA5911EC2785EB4C006FA9C8 /* IntegerTopic.swift */ = {isa = PBXFileReference; lastKnownFileType = sourcecode.swift; path = IntegerTopic.swift; sourceTree = "<group>"; };
		FA5911F02785F181006FA9C8 /* DecimalTopic.swift */ = {isa = PBXFileReference; lastKnownFileType = sourcecode.swift; path = DecimalTopic.swift; sourceTree = "<group>"; };
		FA5911F22785F1CD006FA9C8 /* StringTopic.swift */ = {isa = PBXFileReference; lastKnownFileType = sourcecode.swift; path = StringTopic.swift; sourceTree = "<group>"; };
		FA5911F42785F1E2006FA9C8 /* BoolTopic.swift */ = {isa = PBXFileReference; lastKnownFileType = sourcecode.swift; path = BoolTopic.swift; sourceTree = "<group>"; };
		FA5911F62785F201006FA9C8 /* DateTopic.swift */ = {isa = PBXFileReference; lastKnownFileType = sourcecode.swift; path = DateTopic.swift; sourceTree = "<group>"; };
		FA5911F82785F232006FA9C8 /* ValueReferenceTopic.swift */ = {isa = PBXFileReference; lastKnownFileType = sourcecode.swift; path = ValueReferenceTopic.swift; sourceTree = "<group>"; };
		FA5911FC2785F946006FA9C8 /* ConditionalsItem.swift */ = {isa = PBXFileReference; lastKnownFileType = sourcecode.swift; path = ConditionalsItem.swift; sourceTree = "<group>"; };
		FA5911FE2785F9AA006FA9C8 /* IfTopic.swift */ = {isa = PBXFileReference; lastKnownFileType = sourcecode.swift; path = IfTopic.swift; sourceTree = "<group>"; };
		FA5912002785F9C0006FA9C8 /* CaseTopic.swift */ = {isa = PBXFileReference; lastKnownFileType = sourcecode.swift; path = CaseTopic.swift; sourceTree = "<group>"; };
		FA62AD96269C5ED800870248 /* CheatSheetBastard.app */ = {isa = PBXFileReference; explicitFileType = wrapper.application; includeInIndex = 0; path = CheatSheetBastard.app; sourceTree = BUILT_PRODUCTS_DIR; };
		FA62AD99269C5ED800870248 /* CheatSheetBastardApp.swift */ = {isa = PBXFileReference; lastKnownFileType = sourcecode.swift; path = CheatSheetBastardApp.swift; sourceTree = "<group>"; };
		FA62AD9B269C5ED800870248 /* ContentView.swift */ = {isa = PBXFileReference; lastKnownFileType = sourcecode.swift; path = ContentView.swift; sourceTree = "<group>"; };
		FA62AD9D269C5EDA00870248 /* Assets.xcassets */ = {isa = PBXFileReference; lastKnownFileType = folder.assetcatalog; path = Assets.xcassets; sourceTree = "<group>"; };
		FA62ADA0269C5EDA00870248 /* Preview Assets.xcassets */ = {isa = PBXFileReference; lastKnownFileType = folder.assetcatalog; path = "Preview Assets.xcassets"; sourceTree = "<group>"; };
		FA62ADA2269C5EDA00870248 /* Info.plist */ = {isa = PBXFileReference; lastKnownFileType = text.plist.xml; path = Info.plist; sourceTree = "<group>"; };
		FA62ADA8269C5F5600870248 /* StartView.swift */ = {isa = PBXFileReference; lastKnownFileType = sourcecode.swift; path = StartView.swift; sourceTree = "<group>"; };
/* End PBXFileReference section */

/* Begin PBXFrameworksBuildPhase section */
		FA62AD93269C5ED800870248 /* Frameworks */ = {
			isa = PBXFrameworksBuildPhase;
			buildActionMask = 2147483647;
			files = (
			);
			runOnlyForDeploymentPostprocessing = 0;
		};
/* End PBXFrameworksBuildPhase section */

/* Begin PBXGroup section */
		FA4D9FCF26B5C7A100E0BBB0 /* Views */ = {
			isa = PBXGroup;
			children = (
				FA62ADA8269C5F5600870248 /* StartView.swift */,
				FA4D9FD326B5C88A00E0BBB0 /* TopicView.swift */,
			);
			path = Views;
			sourceTree = "<group>";
		};
		FA4D9FD026B5C7AD00E0BBB0 /* Model */ = {
			isa = PBXGroup;
			children = (
				FA4D9FD126B5C7C800E0BBB0 /* ProgrammingLanguage.swift */,
				FA4D9FD726B5CC0F00E0BBB0 /* Model.swift */,
				FA4D9FD926B5FB3C00E0BBB0 /* TopicItem.swift */,
				FA5911E72785E96B006FA9C8 /* Topic.swift */,
			);
			path = Model;
			sourceTree = "<group>";
		};
		FA5911E92785EAAA006FA9C8 /* Items */ = {
			isa = PBXGroup;
			children = (
				FA5911E32784B4B9006FA9C8 /* DataTypesItem.swift */,
				FA5911FC2785F946006FA9C8 /* ConditionalsItem.swift */,
			);
			path = Items;
			sourceTree = "<group>";
		};
		FA5911EE2785EB61006FA9C8 /* Topics */ = {
			isa = PBXGroup;
			children = (
				FA5911FB2785F925006FA9C8 /* Conditionals */,
				FA5911FA2785F373006FA9C8 /* DataTypes */,
			);
			path = Topics;
			sourceTree = "<group>";
		};
		FA5911FA2785F373006FA9C8 /* DataTypes */ = {
			isa = PBXGroup;
			children = (
				FA5911EC2785EB4C006FA9C8 /* IntegerTopic.swift */,
				FA5911F02785F181006FA9C8 /* DecimalTopic.swift */,
				FA5911F22785F1CD006FA9C8 /* StringTopic.swift */,
				FA5911F42785F1E2006FA9C8 /* BoolTopic.swift */,
				FA5911F62785F201006FA9C8 /* DateTopic.swift */,
				FA5911F82785F232006FA9C8 /* ValueReferenceTopic.swift */,
			);
			path = DataTypes;
			sourceTree = "<group>";
		};
		FA5911FB2785F925006FA9C8 /* Conditionals */ = {
			isa = PBXGroup;
			children = (
				FA5911FE2785F9AA006FA9C8 /* IfTopic.swift */,
				FA5912002785F9C0006FA9C8 /* CaseTopic.swift */,
			);
			path = Conditionals;
			sourceTree = "<group>";
		};
		FA62AD8D269C5ED800870248 = {
			isa = PBXGroup;
			children = (
				FA62AD98269C5ED800870248 /* CheatSheetBastard */,
				FA62AD97269C5ED800870248 /* Products */,
			);
			sourceTree = "<group>";
		};
		FA62AD97269C5ED800870248 /* Products */ = {
			isa = PBXGroup;
			children = (
				FA62AD96269C5ED800870248 /* CheatSheetBastard.app */,
			);
			name = Products;
			sourceTree = "<group>";
		};
		FA62AD98269C5ED800870248 /* CheatSheetBastard */ = {
			isa = PBXGroup;
			children = (
				FA5911EE2785EB61006FA9C8 /* Topics */,
				FA5911E92785EAAA006FA9C8 /* Items */,
				FA4D9FD026B5C7AD00E0BBB0 /* Model */,
				FA4D9FCF26B5C7A100E0BBB0 /* Views */,
				FA62AD99269C5ED800870248 /* CheatSheetBastardApp.swift */,
				FA62AD9B269C5ED800870248 /* ContentView.swift */,
				FA62AD9D269C5EDA00870248 /* Assets.xcassets */,
				FA62ADA2269C5EDA00870248 /* Info.plist */,
				FA62AD9F269C5EDA00870248 /* Preview Content */,
			);
			path = CheatSheetBastard;
			sourceTree = "<group>";
		};
		FA62AD9F269C5EDA00870248 /* Preview Content */ = {
			isa = PBXGroup;
			children = (
				FA62ADA0269C5EDA00870248 /* Preview Assets.xcassets */,
			);
			path = "Preview Content";
			sourceTree = "<group>";
		};
/* End PBXGroup section */

/* Begin PBXNativeTarget section */
		FA62AD95269C5ED800870248 /* CheatSheetBastard */ = {
			isa = PBXNativeTarget;
			buildConfigurationList = FA62ADA5269C5EDA00870248 /* Build configuration list for PBXNativeTarget "CheatSheetBastard" */;
			buildPhases = (
				FA62AD92269C5ED800870248 /* Sources */,
				FA62AD93269C5ED800870248 /* Frameworks */,
				FA62AD94269C5ED800870248 /* Resources */,
			);
			buildRules = (
			);
			dependencies = (
			);
			name = CheatSheetBastard;
			productName = CheatSheetBastard;
			productReference = FA62AD96269C5ED800870248 /* CheatSheetBastard.app */;
			productType = "com.apple.product-type.application";
		};
/* End PBXNativeTarget section */

/* Begin PBXProject section */
		FA62AD8E269C5ED800870248 /* Project object */ = {
			isa = PBXProject;
			attributes = {
				LastSwiftUpdateCheck = 1250;
				LastUpgradeCheck = 1250;
				TargetAttributes = {
					FA62AD95269C5ED800870248 = {
						CreatedOnToolsVersion = 12.5.1;
					};
				};
			};
			buildConfigurationList = FA62AD91269C5ED800870248 /* Build configuration list for PBXProject "CheatSheetBastard" */;
			compatibilityVersion = "Xcode 9.3";
			developmentRegion = en;
			hasScannedForEncodings = 0;
			knownRegions = (
				en,
				Base,
			);
			mainGroup = FA62AD8D269C5ED800870248;
			productRefGroup = FA62AD97269C5ED800870248 /* Products */;
			projectDirPath = "";
			projectRoot = "";
			targets = (
				FA62AD95269C5ED800870248 /* CheatSheetBastard */,
			);
		};
/* End PBXProject section */

/* Begin PBXResourcesBuildPhase section */
		FA62AD94269C5ED800870248 /* Resources */ = {
			isa = PBXResourcesBuildPhase;
			buildActionMask = 2147483647;
			files = (
				FA62ADA1269C5EDA00870248 /* Preview Assets.xcassets in Resources */,
				FA62AD9E269C5EDA00870248 /* Assets.xcassets in Resources */,
			);
			runOnlyForDeploymentPostprocessing = 0;
		};
/* End PBXResourcesBuildPhase section */

/* Begin PBXSourcesBuildPhase section */
		FA62AD92269C5ED800870248 /* Sources */ = {
			isa = PBXSourcesBuildPhase;
			buildActionMask = 2147483647;
			files = (
				FA4D9FD826B5CC0F00E0BBB0 /* Model.swift in Sources */,
				FA5911FF2785F9AA006FA9C8 /* IfTopic.swift in Sources */,
				FA5911E82785E96B006FA9C8 /* Topic.swift in Sources */,
				FA5911FD2785F946006FA9C8 /* ConditionalsItem.swift in Sources */,
				FA4D9FDA26B5FB3C00E0BBB0 /* TopicItem.swift in Sources */,
				FA5911F12785F181006FA9C8 /* DecimalTopic.swift in Sources */,
				FA5911ED2785EB4C006FA9C8 /* IntegerTopic.swift in Sources */,
				FA62ADA9269C5F5600870248 /* StartView.swift in Sources */,
				FA5912012785F9C0006FA9C8 /* CaseTopic.swift in Sources */,
				FA5911F72785F201006FA9C8 /* DateTopic.swift in Sources */,
				FA62AD9C269C5ED800870248 /* ContentView.swift in Sources */,
				FA5911F52785F1E2006FA9C8 /* BoolTopic.swift in Sources */,
				FA5911F92785F232006FA9C8 /* ValueReferenceTopic.swift in Sources */,
				FA5911E42784B4B9006FA9C8 /* DataTypesItem.swift in Sources */,
				FA62AD9A269C5ED800870248 /* CheatSheetBastardApp.swift in Sources */,
				FA4D9FD226B5C7C800E0BBB0 /* ProgrammingLanguage.swift in Sources */,
				FA5911F32785F1CD006FA9C8 /* StringTopic.swift in Sources */,
				FA4D9FD426B5C88A00E0BBB0 /* TopicView.swift in Sources */,
			);
			runOnlyForDeploymentPostprocessing = 0;
		};
/* End PBXSourcesBuildPhase section */

/* Begin XCBuildConfiguration section */
		FA62ADA3269C5EDA00870248 /* Debug */ = {
			isa = XCBuildConfiguration;
			buildSettings = {
				ALWAYS_SEARCH_USER_PATHS = NO;
				CLANG_ANALYZER_NONNULL = YES;
				CLANG_ANALYZER_NUMBER_OBJECT_CONVERSION = YES_AGGRESSIVE;
				CLANG_CXX_LANGUAGE_STANDARD = "gnu++14";
				CLANG_CXX_LIBRARY = "libc++";
				CLANG_ENABLE_MODULES = YES;
				CLANG_ENABLE_OBJC_ARC = YES;
				CLANG_ENABLE_OBJC_WEAK = YES;
				CLANG_WARN_BLOCK_CAPTURE_AUTORELEASING = YES;
				CLANG_WARN_BOOL_CONVERSION = YES;
				CLANG_WARN_COMMA = YES;
				CLANG_WARN_CONSTANT_CONVERSION = YES;
				CLANG_WARN_DEPRECATED_OBJC_IMPLEMENTATIONS = YES;
				CLANG_WARN_DIRECT_OBJC_ISA_USAGE = YES_ERROR;
				CLANG_WARN_DOCUMENTATION_COMMENTS = YES;
				CLANG_WARN_EMPTY_BODY = YES;
				CLANG_WARN_ENUM_CONVERSION = YES;
				CLANG_WARN_INFINITE_RECURSION = YES;
				CLANG_WARN_INT_CONVERSION = YES;
				CLANG_WARN_NON_LITERAL_NULL_CONVERSION = YES;
				CLANG_WARN_OBJC_IMPLICIT_RETAIN_SELF = YES;
				CLANG_WARN_OBJC_LITERAL_CONVERSION = YES;
				CLANG_WARN_OBJC_ROOT_CLASS = YES_ERROR;
				CLANG_WARN_QUOTED_INCLUDE_IN_FRAMEWORK_HEADER = YES;
				CLANG_WARN_RANGE_LOOP_ANALYSIS = YES;
				CLANG_WARN_STRICT_PROTOTYPES = YES;
				CLANG_WARN_SUSPICIOUS_MOVE = YES;
				CLANG_WARN_UNGUARDED_AVAILABILITY = YES_AGGRESSIVE;
				CLANG_WARN_UNREACHABLE_CODE = YES;
				CLANG_WARN__DUPLICATE_METHOD_MATCH = YES;
				COPY_PHASE_STRIP = NO;
				DEBUG_INFORMATION_FORMAT = dwarf;
				ENABLE_STRICT_OBJC_MSGSEND = YES;
				ENABLE_TESTABILITY = YES;
				GCC_C_LANGUAGE_STANDARD = gnu11;
				GCC_DYNAMIC_NO_PIC = NO;
				GCC_NO_COMMON_BLOCKS = YES;
				GCC_OPTIMIZATION_LEVEL = 0;
				GCC_PREPROCESSOR_DEFINITIONS = (
					"DEBUG=1",
					"$(inherited)",
				);
				GCC_WARN_64_TO_32_BIT_CONVERSION = YES;
				GCC_WARN_ABOUT_RETURN_TYPE = YES_ERROR;
				GCC_WARN_UNDECLARED_SELECTOR = YES;
				GCC_WARN_UNINITIALIZED_AUTOS = YES_AGGRESSIVE;
				GCC_WARN_UNUSED_FUNCTION = YES;
				GCC_WARN_UNUSED_VARIABLE = YES;
				IPHONEOS_DEPLOYMENT_TARGET = 14.5;
				MTL_ENABLE_DEBUG_INFO = INCLUDE_SOURCE;
				MTL_FAST_MATH = YES;
				ONLY_ACTIVE_ARCH = YES;
				SDKROOT = iphoneos;
				SWIFT_ACTIVE_COMPILATION_CONDITIONS = DEBUG;
				SWIFT_OPTIMIZATION_LEVEL = "-Onone";
			};
			name = Debug;
		};
		FA62ADA4269C5EDA00870248 /* Release */ = {
			isa = XCBuildConfiguration;
			buildSettings = {
				ALWAYS_SEARCH_USER_PATHS = NO;
				CLANG_ANALYZER_NONNULL = YES;
				CLANG_ANALYZER_NUMBER_OBJECT_CONVERSION = YES_AGGRESSIVE;
				CLANG_CXX_LANGUAGE_STANDARD = "gnu++14";
				CLANG_CXX_LIBRARY = "libc++";
				CLANG_ENABLE_MODULES = YES;
				CLANG_ENABLE_OBJC_ARC = YES;
				CLANG_ENABLE_OBJC_WEAK = YES;
				CLANG_WARN_BLOCK_CAPTURE_AUTORELEASING = YES;
				CLANG_WARN_BOOL_CONVERSION = YES;
				CLANG_WARN_COMMA = YES;
				CLANG_WARN_CONSTANT_CONVERSION = YES;
				CLANG_WARN_DEPRECATED_OBJC_IMPLEMENTATIONS = YES;
				CLANG_WARN_DIRECT_OBJC_ISA_USAGE = YES_ERROR;
				CLANG_WARN_DOCUMENTATION_COMMENTS = YES;
				CLANG_WARN_EMPTY_BODY = YES;
				CLANG_WARN_ENUM_CONVERSION = YES;
				CLANG_WARN_INFINITE_RECURSION = YES;
				CLANG_WARN_INT_CONVERSION = YES;
				CLANG_WARN_NON_LITERAL_NULL_CONVERSION = YES;
				CLANG_WARN_OBJC_IMPLICIT_RETAIN_SELF = YES;
				CLANG_WARN_OBJC_LITERAL_CONVERSION = YES;
				CLANG_WARN_OBJC_ROOT_CLASS = YES_ERROR;
				CLANG_WARN_QUOTED_INCLUDE_IN_FRAMEWORK_HEADER = YES;
				CLANG_WARN_RANGE_LOOP_ANALYSIS = YES;
				CLANG_WARN_STRICT_PROTOTYPES = YES;
				CLANG_WARN_SUSPICIOUS_MOVE = YES;
				CLANG_WARN_UNGUARDED_AVAILABILITY = YES_AGGRESSIVE;
				CLANG_WARN_UNREACHABLE_CODE = YES;
				CLANG_WARN__DUPLICATE_METHOD_MATCH = YES;
				COPY_PHASE_STRIP = NO;
				DEBUG_INFORMATION_FORMAT = "dwarf-with-dsym";
				ENABLE_NS_ASSERTIONS = NO;
				ENABLE_STRICT_OBJC_MSGSEND = YES;
				GCC_C_LANGUAGE_STANDARD = gnu11;
				GCC_NO_COMMON_BLOCKS = YES;
				GCC_WARN_64_TO_32_BIT_CONVERSION = YES;
				GCC_WARN_ABOUT_RETURN_TYPE = YES_ERROR;
				GCC_WARN_UNDECLARED_SELECTOR = YES;
				GCC_WARN_UNINITIALIZED_AUTOS = YES_AGGRESSIVE;
				GCC_WARN_UNUSED_FUNCTION = YES;
				GCC_WARN_UNUSED_VARIABLE = YES;
				IPHONEOS_DEPLOYMENT_TARGET = 14.5;
				MTL_ENABLE_DEBUG_INFO = NO;
				MTL_FAST_MATH = YES;
				SDKROOT = iphoneos;
				SWIFT_COMPILATION_MODE = wholemodule;
				SWIFT_OPTIMIZATION_LEVEL = "-O";
				VALIDATE_PRODUCT = YES;
			};
			name = Release;
		};
		FA62ADA6269C5EDA00870248 /* Debug */ = {
			isa = XCBuildConfiguration;
			buildSettings = {
				ASSETCATALOG_COMPILER_APPICON_NAME = AppIcon;
				ASSETCATALOG_COMPILER_GLOBAL_ACCENT_COLOR_NAME = AccentColor;
				CODE_SIGN_STYLE = Automatic;
				DEVELOPMENT_ASSET_PATHS = "\"CheatSheetBastard/Preview Content\"";
				DEVELOPMENT_TEAM = K65Z3P5S5X;
				ENABLE_PREVIEWS = YES;
				INFOPLIST_FILE = CheatSheetBastard/Info.plist;
				IPHONEOS_DEPLOYMENT_TARGET = 14.0;
				LD_RUNPATH_SEARCH_PATHS = (
					"$(inherited)",
					"@executable_path/Frameworks",
				);
				PRODUCT_BUNDLE_IDENTIFIER = com.montotown.CheatSheetBastard;
				PRODUCT_NAME = "$(TARGET_NAME)";
				SWIFT_VERSION = 5.0;
				TARGETED_DEVICE_FAMILY = "1,2";
			};
			name = Debug;
		};
		FA62ADA7269C5EDA00870248 /* Release */ = {
			isa = XCBuildConfiguration;
			buildSettings = {
				ASSETCATALOG_COMPILER_APPICON_NAME = AppIcon;
				ASSETCATALOG_COMPILER_GLOBAL_ACCENT_COLOR_NAME = AccentColor;
				CODE_SIGN_STYLE = Automatic;
				DEVELOPMENT_ASSET_PATHS = "\"CheatSheetBastard/Preview Content\"";
				DEVELOPMENT_TEAM = K65Z3P5S5X;
				ENABLE_PREVIEWS = YES;
				INFOPLIST_FILE = CheatSheetBastard/Info.plist;
				IPHONEOS_DEPLOYMENT_TARGET = 14.0;
				LD_RUNPATH_SEARCH_PATHS = (
					"$(inherited)",
					"@executable_path/Frameworks",
				);
				PRODUCT_BUNDLE_IDENTIFIER = com.montotown.CheatSheetBastard;
				PRODUCT_NAME = "$(TARGET_NAME)";
				SWIFT_VERSION = 5.0;
				TARGETED_DEVICE_FAMILY = "1,2";
			};
			name = Release;
		};
/* End XCBuildConfiguration section */

/* Begin XCConfigurationList section */
		FA62AD91269C5ED800870248 /* Build configuration list for PBXProject "CheatSheetBastard" */ = {
			isa = XCConfigurationList;
			buildConfigurations = (
				FA62ADA3269C5EDA00870248 /* Debug */,
				FA62ADA4269C5EDA00870248 /* Release */,
			);
			defaultConfigurationIsVisible = 0;
			defaultConfigurationName = Release;
		};
		FA62ADA5269C5EDA00870248 /* Build configuration list for PBXNativeTarget "CheatSheetBastard" */ = {
			isa = XCConfigurationList;
			buildConfigurations = (
				FA62ADA6269C5EDA00870248 /* Debug */,
				FA62ADA7269C5EDA00870248 /* Release */,
			);
			defaultConfigurationIsVisible = 0;
			defaultConfigurationName = Release;
		};
/* End XCConfigurationList section */
	};
	rootObject = FA62AD8E269C5ED800870248 /* Project object */;
}
